
Microsoft Visual Studio Solution File, Format Version 12.00
# Visual Studio Version 16
VisualStudioVersion = 16.0.29709.97
MinimumVisualStudioVersion = 10.0.40219.1
Project("{9A19103F-16F7-4668-BE54-9A1E7A4F7556}") = "CMMS.Domain", "CMMS.Domain\CMMS.Domain.csproj", "{B0C4E286-8257-4254-BB5F-5A0AF1298C99}"
EndProject
Project("{9A19103F-16F7-4668-BE54-9A1E7A4F7556}") = "CMMS.Infrastructure", "CMMS.Infrastructure\CMMS.Infrastructure.csproj", "{3A24C333-6C86-4681-9CD8-2E7254B27FEB}"
EndProject
Project("{9A19103F-16F7-4668-BE54-9A1E7A4F7556}") = "CMMS.Application", "CMMS.Application\CMMS.Application.csproj", "{7EE008D0-3482-4517-874B-38FB7A633BC1}"
EndProject
Project("{9A19103F-16F7-4668-BE54-9A1E7A4F7556}") = "CMMS.API", "CMMS.API\CMMS.API.csproj", "{49FFA7F3-3E1D-4A88-9BE5-9B7010FFA956}"
EndProject
Global
	GlobalSection(SolutionConfigurationPlatforms) = preSolution
		Debug|Any CPU = Debug|Any CPU
		Release|Any CPU = Release|Any CPU
	EndGlobalSection
	GlobalSection(ProjectConfigurationPlatforms) = postSolution
		{B0C4E286-8257-4254-BB5F-5A0AF1298C99}.Debug|Any CPU.ActiveCfg = Debug|Any CPU
		{B0C4E286-8257-4254-BB5F-5A0AF1298C99}.Debug|Any CPU.Build.0 = Debug|Any CPU
		{B0C4E286-8257-4254-BB5F-5A0AF1298C99}.Release|Any CPU.ActiveCfg = Release|Any CPU
		{B0C4E286-8257-4254-BB5F-5A0AF1298C99}.Release|Any CPU.Build.0 = Release|Any CPU
		{3A24C333-6C86-4681-9CD8-2E7254B27FEB}.Debug|Any CPU.ActiveCfg = Debug|Any CPU
		{3A24C333-6C86-4681-9CD8-2E7254B27FEB}.Debug|Any CPU.Build.0 = Debug|Any CPU
		{3A24C333-6C86-4681-9CD8-2E7254B27FEB}.Release|Any CPU.ActiveCfg = Release|Any CPU
		{3A24C333-6C86-4681-9CD8-2E7254B27FEB}.Release|Any CPU.Build.0 = Release|Any CPU
		{7EE008D0-3482-4517-874B-38FB7A633BC1}.Debug|Any CPU.ActiveCfg = Debug|Any CPU
		{7EE008D0-3482-4517-874B-38FB7A633BC1}.Debug|Any CPU.Build.0 = Debug|Any CPU
		{7EE008D0-3482-4517-874B-38FB7A633BC1}.Release|Any CPU.ActiveCfg = Release|Any CPU
		{7EE008D0-3482-4517-874B-38FB7A633BC1}.Release|Any CPU.Build.0 = Release|Any CPU
		{49FFA7F3-3E1D-4A88-9BE5-9B7010FFA956}.Debug|Any CPU.ActiveCfg = Debug|Any CPU
		{49FFA7F3-3E1D-4A88-9BE5-9B7010FFA956}.Debug|Any CPU.Build.0 = Debug|Any CPU
		{49FFA7F3-3E1D-4A88-9BE5-9B7010FFA956}.Release|Any CPU.ActiveCfg = Release|Any CPU
		{49FFA7F3-3E1D-4A88-9BE5-9B7010FFA956}.Release|Any CPU.Build.0 = Release|Any CPU
	EndGlobalSection
	GlobalSection(SolutionProperties) = preSolution
		HideSolutionNode = FALSE
	EndGlobalSection
	GlobalSection(ExtensibilityGlobals) = postSolution
		SolutionGuid = {A7F020CD-8D1D-45AE-A7C4-D148FAD0D49D}
	EndGlobalSection
EndGlobal
